
Microsoft Visual Studio Solution File, Format Version 12.00
# Visual Studio Version 16
VisualStudioVersion = 16.0.31702.278
MinimumVisualStudioVersion = 10.0.40219.1
Project("{9A19103F-16F7-4668-BE54-9A1E7A4F7556}") = "MundoJix.Server", "MundoJix\Server\MundoJix.Server.csproj", "{7C10691B-A826-4116-95C6-BAD4CAA7E199}"
EndProject
Project("{9A19103F-16F7-4668-BE54-9A1E7A4F7556}") = "MundoJix.Client", "MundoJix\Client\MundoJix.Client.csproj", "{C8D36045-5790-496E-BD60-3D9CC58C954A}"
EndProject
Project("{9A19103F-16F7-4668-BE54-9A1E7A4F7556}") = "MundoJix.Shared", "MundoJix\Shared\MundoJix.Shared.csproj", "{3A1EC1AB-4FDB-47CF-94EF-AFAE8DB1E578}"
EndProject
Global
	GlobalSection(SolutionConfigurationPlatforms) = preSolution
		Debug|Any CPU = Debug|Any CPU
		Release|Any CPU = Release|Any CPU
	EndGlobalSection
	GlobalSection(ProjectConfigurationPlatforms) = postSolution
		{7C10691B-A826-4116-95C6-BAD4CAA7E199}.Debug|Any CPU.ActiveCfg = Debug|Any CPU
		{7C10691B-A826-4116-95C6-BAD4CAA7E199}.Debug|Any CPU.Build.0 = Debug|Any CPU
		{7C10691B-A826-4116-95C6-BAD4CAA7E199}.Release|Any CPU.ActiveCfg = Release|Any CPU
		{7C10691B-A826-4116-95C6-BAD4CAA7E199}.Release|Any CPU.Build.0 = Release|Any CPU
		{C8D36045-5790-496E-BD60-3D9CC58C954A}.Debug|Any CPU.ActiveCfg = Debug|Any CPU
		{C8D36045-5790-496E-BD60-3D9CC58C954A}.Debug|Any CPU.Build.0 = Debug|Any CPU
		{C8D36045-5790-496E-BD60-3D9CC58C954A}.Release|Any CPU.ActiveCfg = Release|Any CPU
		{C8D36045-5790-496E-BD60-3D9CC58C954A}.Release|Any CPU.Build.0 = Release|Any CPU
		{3A1EC1AB-4FDB-47CF-94EF-AFAE8DB1E578}.Debug|Any CPU.ActiveCfg = Debug|Any CPU
		{3A1EC1AB-4FDB-47CF-94EF-AFAE8DB1E578}.Debug|Any CPU.Build.0 = Debug|Any CPU
		{3A1EC1AB-4FDB-47CF-94EF-AFAE8DB1E578}.Release|Any CPU.ActiveCfg = Release|Any CPU
		{3A1EC1AB-4FDB-47CF-94EF-AFAE8DB1E578}.Release|Any CPU.Build.0 = Release|Any CPU
	EndGlobalSection
	GlobalSection(SolutionProperties) = preSolution
		HideSolutionNode = FALSE
	EndGlobalSection
	GlobalSection(ExtensibilityGlobals) = postSolution
		SolutionGuid = {0A08884E-D083-4910-87D0-BFD0A8C8078E}
	EndGlobalSection
EndGlobal
